// !$*UTF8*$!
{
	archiveVersion = 1;
	classes = {
	};
	objectVersion = 77;
	objects = {

/* Begin PBXContainerItemProxy section */
		1B07F0232CB6AA450008E59F /* PBXContainerItemProxy */ = {
			isa = PBXContainerItemProxy;
			containerPortal = 1B07F0052CB6AA430008E59F /* Project object */;
			proxyType = 1;
			remoteGlobalIDString = 1B07F00C2CB6AA430008E59F;
			remoteInfo = QuickCal;
		};
		1B07F02D2CB6AA450008E59F /* PBXContainerItemProxy */ = {
			isa = PBXContainerItemProxy;
			containerPortal = 1B07F0052CB6AA430008E59F /* Project object */;
			proxyType = 1;
			remoteGlobalIDString = 1B07F00C2CB6AA430008E59F;
			remoteInfo = QuickCal;
		};
/* End PBXContainerItemProxy section */

/* Begin PBXFileReference section */
		1B07F00D2CB6AA430008E59F /* QuickCal.app */ = {isa = PBXFileReference; explicitFileType = wrapper.application; includeInIndex = 0; path = QuickCal.app; sourceTree = BUILT_PRODUCTS_DIR; };
		1B07F0222CB6AA450008E59F /* QuickCalTests.xctest */ = {isa = PBXFileReference; explicitFileType = wrapper.cfbundle; includeInIndex = 0; path = QuickCalTests.xctest; sourceTree = BUILT_PRODUCTS_DIR; };
		1B07F02C2CB6AA450008E59F /* QuickCalUITests.xctest */ = {isa = PBXFileReference; explicitFileType = wrapper.cfbundle; includeInIndex = 0; path = QuickCalUITests.xctest; sourceTree = BUILT_PRODUCTS_DIR; };
/* End PBXFileReference section */

/* Begin PBXFileSystemSynchronizedBuildFileExceptionSet section */
		1B81810C2D68CBE00064A101 /* Exceptions for "QuickCal" folder in "QuickCal" target */ = {
			isa = PBXFileSystemSynchronizedBuildFileExceptionSet;
			membershipExceptions = (
				Info.plist,
			);
			target = 1B07F00C2CB6AA430008E59F /* QuickCal */;
		};
/* End PBXFileSystemSynchronizedBuildFileExceptionSet section */

/* Begin PBXFileSystemSynchronizedRootGroup section */
		1B07F00F2CB6AA430008E59F /* QuickCal */ = {
			isa = PBXFileSystemSynchronizedRootGroup;
			exceptions = (
				1B81810C2D68CBE00064A101 /* Exceptions for "QuickCal" folder in "QuickCal" target */,
			);
			path = QuickCal;
			sourceTree = "<group>";
		};
		1B07F0252CB6AA450008E59F /* QuickCalTests */ = {
			isa = PBXFileSystemSynchronizedRootGroup;
			path = QuickCalTests;
			sourceTree = "<group>";
		};
		1B07F02F2CB6AA450008E59F /* QuickCalUITests */ = {
			isa = PBXFileSystemSynchronizedRootGroup;
			path = QuickCalUITests;
			sourceTree = "<group>";
		};
/* End PBXFileSystemSynchronizedRootGroup section */

/* Begin PBXFrameworksBuildPhase section */
		1B07F00A2CB6AA430008E59F /* Frameworks */ = {
			isa = PBXFrameworksBuildPhase;
			buildActionMask = 2147483647;
			files = (
			);
			runOnlyForDeploymentPostprocessing = 0;
		};
		1B07F01F2CB6AA450008E59F /* Frameworks */ = {
			isa = PBXFrameworksBuildPhase;
			buildActionMask = 2147483647;
			files = (
			);
			runOnlyForDeploymentPostprocessing = 0;
		};
		1B07F0292CB6AA450008E59F /* Frameworks */ = {
			isa = PBXFrameworksBuildPhase;
			buildActionMask = 2147483647;
			files = (
			);
			runOnlyForDeploymentPostprocessing = 0;
		};
/* End PBXFrameworksBuildPhase section */

/* Begin PBXGroup section */
		1B07F0042CB6AA430008E59F = {
			isa = PBXGroup;
			children = (
				1B07F00F2CB6AA430008E59F /* QuickCal */,
				1B07F0252CB6AA450008E59F /* QuickCalTests */,
				1B07F02F2CB6AA450008E59F /* QuickCalUITests */,
				1B07F00E2CB6AA430008E59F /* Products */,
			);
			sourceTree = "<group>";
		};
		1B07F00E2CB6AA430008E59F /* Products */ = {
			isa = PBXGroup;
			children = (
				1B07F00D2CB6AA430008E59F /* QuickCal.app */,
				1B07F0222CB6AA450008E59F /* QuickCalTests.xctest */,
				1B07F02C2CB6AA450008E59F /* QuickCalUITests.xctest */,
			);
			name = Products;
			sourceTree = "<group>";
		};
/* End PBXGroup section */

/* Begin PBXNativeTarget section */
		1B07F00C2CB6AA430008E59F /* QuickCal */ = {
			isa = PBXNativeTarget;
			buildConfigurationList = 1B07F0362CB6AA450008E59F /* Build configuration list for PBXNativeTarget "QuickCal" */;
			buildPhases = (
				1B07F0092CB6AA430008E59F /* Sources */,
				1B07F00A2CB6AA430008E59F /* Frameworks */,
				1B07F00B2CB6AA430008E59F /* Resources */,
			);
			buildRules = (
			);
			dependencies = (
			);
			fileSystemSynchronizedGroups = (
				1B07F00F2CB6AA430008E59F /* QuickCal */,
			);
			name = QuickCal;
			packageProductDependencies = (
			);
			productName = QuickCal;
			productReference = 1B07F00D2CB6AA430008E59F /* QuickCal.app */;
			productType = "com.apple.product-type.application";
		};
		1B07F0212CB6AA450008E59F /* QuickCalTests */ = {
			isa = PBXNativeTarget;
			buildConfigurationList = 1B07F0392CB6AA450008E59F /* Build configuration list for PBXNativeTarget "QuickCalTests" */;
			buildPhases = (
				1B07F01E2CB6AA450008E59F /* Sources */,
				1B07F01F2CB6AA450008E59F /* Frameworks */,
				1B07F0202CB6AA450008E59F /* Resources */,
			);
			buildRules = (
			);
			dependencies = (
				1B07F0242CB6AA450008E59F /* PBXTargetDependency */,
			);
			fileSystemSynchronizedGroups = (
				1B07F0252CB6AA450008E59F /* QuickCalTests */,
			);
			name = QuickCalTests;
			packageProductDependencies = (
			);
			productName = QuickCalTests;
			productReference = 1B07F0222CB6AA450008E59F /* QuickCalTests.xctest */;
			productType = "com.apple.product-type.bundle.unit-test";
		};
		1B07F02B2CB6AA450008E59F /* QuickCalUITests */ = {
			isa = PBXNativeTarget;
			buildConfigurationList = 1B07F03C2CB6AA450008E59F /* Build configuration list for PBXNativeTarget "QuickCalUITests" */;
			buildPhases = (
				1B07F0282CB6AA450008E59F /* Sources */,
				1B07F0292CB6AA450008E59F /* Frameworks */,
				1B07F02A2CB6AA450008E59F /* Resources */,
			);
			buildRules = (
			);
			dependencies = (
				1B07F02E2CB6AA450008E59F /* PBXTargetDependency */,
			);
			fileSystemSynchronizedGroups = (
				1B07F02F2CB6AA450008E59F /* QuickCalUITests */,
			);
			name = QuickCalUITests;
			packageProductDependencies = (
			);
			productName = QuickCalUITests;
			productReference = 1B07F02C2CB6AA450008E59F /* QuickCalUITests.xctest */;
			productType = "com.apple.product-type.bundle.ui-testing";
		};
/* End PBXNativeTarget section */

/* Begin PBXProject section */
		1B07F0052CB6AA430008E59F /* Project object */ = {
			isa = PBXProject;
			attributes = {
				BuildIndependentTargetsInParallel = 1;
				LastSwiftUpdateCheck = 1600;
				LastUpgradeCheck = 1600;
				TargetAttributes = {
					1B07F00C2CB6AA430008E59F = {
						CreatedOnToolsVersion = 16.0;
					};
					1B07F0212CB6AA450008E59F = {
						CreatedOnToolsVersion = 16.0;
						TestTargetID = 1B07F00C2CB6AA430008E59F;
					};
					1B07F02B2CB6AA450008E59F = {
						CreatedOnToolsVersion = 16.0;
						TestTargetID = 1B07F00C2CB6AA430008E59F;
					};
				};
			};
			buildConfigurationList = 1B07F0082CB6AA430008E59F /* Build configuration list for PBXProject "QuickCal" */;
			developmentRegion = de;
			hasScannedForEncodings = 0;
			knownRegions = (
				Base,
				de,
			);
			mainGroup = 1B07F0042CB6AA430008E59F;
			minimizedProjectReferenceProxies = 1;
			preferredProjectObjectVersion = 77;
			productRefGroup = 1B07F00E2CB6AA430008E59F /* Products */;
			projectDirPath = "";
			projectRoot = "";
			targets = (
				1B07F00C2CB6AA430008E59F /* QuickCal */,
				1B07F0212CB6AA450008E59F /* QuickCalTests */,
				1B07F02B2CB6AA450008E59F /* QuickCalUITests */,
			);
		};
/* End PBXProject section */

/* Begin PBXResourcesBuildPhase section */
		1B07F00B2CB6AA430008E59F /* Resources */ = {
			isa = PBXResourcesBuildPhase;
			buildActionMask = 2147483647;
			files = (
			);
			runOnlyForDeploymentPostprocessing = 0;
		};
		1B07F0202CB6AA450008E59F /* Resources */ = {
			isa = PBXResourcesBuildPhase;
			buildActionMask = 2147483647;
			files = (
			);
			runOnlyForDeploymentPostprocessing = 0;
		};
		1B07F02A2CB6AA450008E59F /* Resources */ = {
			isa = PBXResourcesBuildPhase;
			buildActionMask = 2147483647;
			files = (
			);
			runOnlyForDeploymentPostprocessing = 0;
		};
/* End PBXResourcesBuildPhase section */

/* Begin PBXSourcesBuildPhase section */
		1B07F0092CB6AA430008E59F /* Sources */ = {
			isa = PBXSourcesBuildPhase;
			buildActionMask = 2147483647;
			files = (
			);
			runOnlyForDeploymentPostprocessing = 0;
		};
		1B07F01E2CB6AA450008E59F /* Sources */ = {
			isa = PBXSourcesBuildPhase;
			buildActionMask = 2147483647;
			files = (
			);
			runOnlyForDeploymentPostprocessing = 0;
		};
		1B07F0282CB6AA450008E59F /* Sources */ = {
			isa = PBXSourcesBuildPhase;
			buildActionMask = 2147483647;
			files = (
			);
			runOnlyForDeploymentPostprocessing = 0;
		};
/* End PBXSourcesBuildPhase section */

/* Begin PBXTargetDependency section */
		1B07F0242CB6AA450008E59F /* PBXTargetDependency */ = {
			isa = PBXTargetDependency;
			target = 1B07F00C2CB6AA430008E59F /* QuickCal */;
			targetProxy = 1B07F0232CB6AA450008E59F /* PBXContainerItemProxy */;
		};
		1B07F02E2CB6AA450008E59F /* PBXTargetDependency */ = {
			isa = PBXTargetDependency;
			target = 1B07F00C2CB6AA430008E59F /* QuickCal */;
			targetProxy = 1B07F02D2CB6AA450008E59F /* PBXContainerItemProxy */;
		};
/* End PBXTargetDependency section */

/* Begin XCBuildConfiguration section */
		1B07F0342CB6AA450008E59F /* Debug */ = {
			isa = XCBuildConfiguration;
			buildSettings = {
				ALWAYS_SEARCH_USER_PATHS = NO;
				ASSETCATALOG_COMPILER_GENERATE_SWIFT_ASSET_SYMBOL_EXTENSIONS = YES;
				CLANG_ANALYZER_NONNULL = YES;
				CLANG_ANALYZER_NUMBER_OBJECT_CONVERSION = YES_AGGRESSIVE;
				CLANG_CXX_LANGUAGE_STANDARD = "gnu++20";
				CLANG_ENABLE_MODULES = YES;
				CLANG_ENABLE_OBJC_ARC = YES;
				CLANG_ENABLE_OBJC_WEAK = YES;
				CLANG_WARN_BLOCK_CAPTURE_AUTORELEASING = YES;
				CLANG_WARN_BOOL_CONVERSION = YES;
				CLANG_WARN_COMMA = YES;
				CLANG_WARN_CONSTANT_CONVERSION = YES;
				CLANG_WARN_DEPRECATED_OBJC_IMPLEMENTATIONS = YES;
				CLANG_WARN_DIRECT_OBJC_ISA_USAGE = YES_ERROR;
				CLANG_WARN_DOCUMENTATION_COMMENTS = YES;
				CLANG_WARN_EMPTY_BODY = YES;
				CLANG_WARN_ENUM_CONVERSION = YES;
				CLANG_WARN_INFINITE_RECURSION = YES;
				CLANG_WARN_INT_CONVERSION = YES;
				CLANG_WARN_NON_LITERAL_NULL_CONVERSION = YES;
				CLANG_WARN_OBJC_IMPLICIT_RETAIN_SELF = YES;
				CLANG_WARN_OBJC_LITERAL_CONVERSION = YES;
				CLANG_WARN_OBJC_ROOT_CLASS = YES_ERROR;
				CLANG_WARN_QUOTED_INCLUDE_IN_FRAMEWORK_HEADER = YES;
				CLANG_WARN_RANGE_LOOP_ANALYSIS = YES;
				CLANG_WARN_STRICT_PROTOTYPES = YES;
				CLANG_WARN_SUSPICIOUS_MOVE = YES;
				CLANG_WARN_UNGUARDED_AVAILABILITY = YES_AGGRESSIVE;
				CLANG_WARN_UNREACHABLE_CODE = YES;
				CLANG_WARN__DUPLICATE_METHOD_MATCH = YES;
				COPY_PHASE_STRIP = NO;
				DEBUG_INFORMATION_FORMAT = dwarf;
				ENABLE_STRICT_OBJC_MSGSEND = YES;
				ENABLE_TESTABILITY = YES;
				ENABLE_USER_SCRIPT_SANDBOXING = YES;
				GCC_C_LANGUAGE_STANDARD = gnu17;
				GCC_DYNAMIC_NO_PIC = NO;
				GCC_NO_COMMON_BLOCKS = YES;
				GCC_OPTIMIZATION_LEVEL = 0;
				GCC_PREPROCESSOR_DEFINITIONS = (
					"DEBUG=1",
					"$(inherited)",
				);
				GCC_WARN_64_TO_32_BIT_CONVERSION = YES;
				GCC_WARN_ABOUT_RETURN_TYPE = YES_ERROR;
				GCC_WARN_UNDECLARED_SELECTOR = YES;
				GCC_WARN_UNINITIALIZED_AUTOS = YES_AGGRESSIVE;
				GCC_WARN_UNUSED_FUNCTION = YES;
				GCC_WARN_UNUSED_VARIABLE = YES;
				IPHONEOS_DEPLOYMENT_TARGET = 18.0;
				LOCALIZATION_PREFERS_STRING_CATALOGS = YES;
				MTL_ENABLE_DEBUG_INFO = INCLUDE_SOURCE;
				MTL_FAST_MATH = YES;
				ONLY_ACTIVE_ARCH = YES;
				SDKROOT = iphoneos;
				SWIFT_ACTIVE_COMPILATION_CONDITIONS = "DEBUG $(inherited)";
				SWIFT_OPTIMIZATION_LEVEL = "-Onone";
			};
			name = Debug;
		};
		1B07F0352CB6AA450008E59F /* Release */ = {
			isa = XCBuildConfiguration;
			buildSettings = {
				ALWAYS_SEARCH_USER_PATHS = NO;
				ASSETCATALOG_COMPILER_GENERATE_SWIFT_ASSET_SYMBOL_EXTENSIONS = YES;
				CLANG_ANALYZER_NONNULL = YES;
				CLANG_ANALYZER_NUMBER_OBJECT_CONVERSION = YES_AGGRESSIVE;
				CLANG_CXX_LANGUAGE_STANDARD = "gnu++20";
				CLANG_ENABLE_MODULES = YES;
				CLANG_ENABLE_OBJC_ARC = YES;
				CLANG_ENABLE_OBJC_WEAK = YES;
				CLANG_WARN_BLOCK_CAPTURE_AUTORELEASING = YES;
				CLANG_WARN_BOOL_CONVERSION = YES;
				CLANG_WARN_COMMA = YES;
				CLANG_WARN_CONSTANT_CONVERSION = YES;
				CLANG_WARN_DEPRECATED_OBJC_IMPLEMENTATIONS = YES;
				CLANG_WARN_DIRECT_OBJC_ISA_USAGE = YES_ERROR;
				CLANG_WARN_DOCUMENTATION_COMMENTS = YES;
				CLANG_WARN_EMPTY_BODY = YES;
				CLANG_WARN_ENUM_CONVERSION = YES;
				CLANG_WARN_INFINITE_RECURSION = YES;
				CLANG_WARN_INT_CONVERSION = YES;
				CLANG_WARN_NON_LITERAL_NULL_CONVERSION = YES;
				CLANG_WARN_OBJC_IMPLICIT_RETAIN_SELF = YES;
				CLANG_WARN_OBJC_LITERAL_CONVERSION = YES;
				CLANG_WARN_OBJC_ROOT_CLASS = YES_ERROR;
				CLANG_WARN_QUOTED_INCLUDE_IN_FRAMEWORK_HEADER = YES;
				CLANG_WARN_RANGE_LOOP_ANALYSIS = YES;
				CLANG_WARN_STRICT_PROTOTYPES = YES;
				CLANG_WARN_SUSPICIOUS_MOVE = YES;
				CLANG_WARN_UNGUARDED_AVAILABILITY = YES_AGGRESSIVE;
				CLANG_WARN_UNREACHABLE_CODE = YES;
				CLANG_WARN__DUPLICATE_METHOD_MATCH = YES;
				COPY_PHASE_STRIP = NO;
				DEBUG_INFORMATION_FORMAT = "dwarf-with-dsym";
				ENABLE_NS_ASSERTIONS = NO;
				ENABLE_STRICT_OBJC_MSGSEND = YES;
				ENABLE_USER_SCRIPT_SANDBOXING = YES;
				GCC_C_LANGUAGE_STANDARD = gnu17;
				GCC_NO_COMMON_BLOCKS = YES;
				GCC_WARN_64_TO_32_BIT_CONVERSION = YES;
				GCC_WARN_ABOUT_RETURN_TYPE = YES_ERROR;
				GCC_WARN_UNDECLARED_SELECTOR = YES;
				GCC_WARN_UNINITIALIZED_AUTOS = YES_AGGRESSIVE;
				GCC_WARN_UNUSED_FUNCTION = YES;
				GCC_WARN_UNUSED_VARIABLE = YES;
				IPHONEOS_DEPLOYMENT_TARGET = 18.0;
				LOCALIZATION_PREFERS_STRING_CATALOGS = YES;
				MTL_ENABLE_DEBUG_INFO = NO;
				MTL_FAST_MATH = YES;
				SDKROOT = iphoneos;
				SWIFT_COMPILATION_MODE = wholemodule;
				VALIDATE_PRODUCT = YES;
			};
			name = Release;
		};
		1B07F0372CB6AA450008E59F /* Debug */ = {
			isa = XCBuildConfiguration;
			buildSettings = {
				ASSETCATALOG_COMPILER_APPICON_NAME = AppIcon;
				ASSETCATALOG_COMPILER_GLOBAL_ACCENT_COLOR_NAME = AccentColor;
				CODE_SIGN_IDENTITY = "Apple Development";
				CODE_SIGN_STYLE = Automatic;
				CURRENT_PROJECT_VERSION = 5;
				DEVELOPMENT_ASSET_PATHS = "\"QuickCal/Preview Content\"";
				DEVELOPMENT_TEAM = DN4ZMM367Q;
				ENABLE_PREVIEWS = YES;
				GENERATE_INFOPLIST_FILE = YES;
				INFOPLIST_FILE = QuickCal/Info.plist;
				INFOPLIST_KEY_CFBundleDisplayName = QuickCalorie;
				INFOPLIST_KEY_LSApplicationCategoryType = "public.app-category.healthcare-fitness";
				INFOPLIST_KEY_NSCameraUsageDescription = "Wir benötigen Zugriff auf die Kamera, um Barcodes scannen zu können.";
				INFOPLIST_KEY_UIApplicationSceneManifest_Generation = YES;
				INFOPLIST_KEY_UIApplicationSupportsIndirectInputEvents = YES;
				INFOPLIST_KEY_UILaunchScreen_Generation = YES;
				INFOPLIST_KEY_UISupportedInterfaceOrientations = UIInterfaceOrientationPortrait;
				INFOPLIST_KEY_UISupportedInterfaceOrientations_iPad = "UIInterfaceOrientationLandscapeLeft UIInterfaceOrientationLandscapeRight UIInterfaceOrientationPortrait UIInterfaceOrientationPortraitUpsideDown";
				INFOPLIST_KEY_UIUserInterfaceStyle = Light;
				IPHONEOS_DEPLOYMENT_TARGET = 17.6;
				LD_RUNPATH_SEARCH_PATHS = (
					"$(inherited)",
					"@executable_path/Frameworks",
				);
				MARKETING_VERSION = 1.0;
				PRODUCT_BUNDLE_IDENTIFIER = com.lukasesch.QuickCalorie;
				PRODUCT_NAME = "$(TARGET_NAME)";
				PROVISIONING_PROFILE_SPECIFIER = "";
				SWIFT_EMIT_LOC_STRINGS = YES;
				SWIFT_VERSION = 5.0;
				TARGETED_DEVICE_FAMILY = "1,2";
			};
			name = Debug;
		};
		1B07F0382CB6AA450008E59F /* Release */ = {
			isa = XCBuildConfiguration;
			buildSettings = {
				ASSETCATALOG_COMPILER_APPICON_NAME = AppIcon;
				ASSETCATALOG_COMPILER_GLOBAL_ACCENT_COLOR_NAME = AccentColor;
				CODE_SIGN_IDENTITY = "Apple Development";
				CODE_SIGN_STYLE = Automatic;
				CURRENT_PROJECT_VERSION = 5;
				DEVELOPMENT_ASSET_PATHS = "\"QuickCal/Preview Content\"";
				DEVELOPMENT_TEAM = DN4ZMM367Q;
				ENABLE_PREVIEWS = YES;
				GENERATE_INFOPLIST_FILE = YES;
				INFOPLIST_FILE = QuickCal/Info.plist;
				INFOPLIST_KEY_CFBundleDisplayName = QuickCalorie;
				INFOPLIST_KEY_LSApplicationCategoryType = "public.app-category.healthcare-fitness";
				INFOPLIST_KEY_NSCameraUsageDescription = "Wir benötigen Zugriff auf die Kamera, um Barcodes scannen zu können.";
				INFOPLIST_KEY_UIApplicationSceneManifest_Generation = YES;
				INFOPLIST_KEY_UIApplicationSupportsIndirectInputEvents = YES;
				INFOPLIST_KEY_UILaunchScreen_Generation = YES;
				INFOPLIST_KEY_UISupportedInterfaceOrientations = UIInterfaceOrientationPortrait;
				INFOPLIST_KEY_UISupportedInterfaceOrientations_iPad = "UIInterfaceOrientationLandscapeLeft UIInterfaceOrientationLandscapeRight UIInterfaceOrientationPortrait UIInterfaceOrientationPortraitUpsideDown";
				INFOPLIST_KEY_UIUserInterfaceStyle = Light;
				IPHONEOS_DEPLOYMENT_TARGET = 17.6;
				LD_RUNPATH_SEARCH_PATHS = (
					"$(inherited)",
					"@executable_path/Frameworks",
				);
				MARKETING_VERSION = 1.0;
				PRODUCT_BUNDLE_IDENTIFIER = com.lukasesch.QuickCalorie;
				PRODUCT_NAME = "$(TARGET_NAME)";
				PROVISIONING_PROFILE_SPECIFIER = "";
				SWIFT_EMIT_LOC_STRINGS = YES;
				SWIFT_VERSION = 5.0;
				TARGETED_DEVICE_FAMILY = "1,2";
			};
			name = Release;
		};
		1B07F03A2CB6AA450008E59F /* Debug */ = {
			isa = XCBuildConfiguration;
			buildSettings = {
				BUNDLE_LOADER = "$(TEST_HOST)";
				CODE_SIGN_STYLE = Automatic;
				CURRENT_PROJECT_VERSION = 5;
				DEVELOPMENT_TEAM = DN4ZMM367Q;
				GENERATE_INFOPLIST_FILE = YES;
				IPHONEOS_DEPLOYMENT_TARGET = 18.0;
				MARKETING_VERSION = 1.0;
				PRODUCT_BUNDLE_IDENTIFIER = com.lukasesch.QuickCalTests;
				PRODUCT_NAME = "$(TARGET_NAME)";
				SWIFT_EMIT_LOC_STRINGS = NO;
				SWIFT_VERSION = 5.0;
				TARGETED_DEVICE_FAMILY = "1,2";
				TEST_HOST = "$(BUILT_PRODUCTS_DIR)/QuickCal.app/$(BUNDLE_EXECUTABLE_FOLDER_PATH)/QuickCal";
			};
			name = Debug;
		};
		1B07F03B2CB6AA450008E59F /* Release */ = {
			isa = XCBuildConfiguration;
			buildSettings = {
				BUNDLE_LOADER = "$(TEST_HOST)";
				CODE_SIGN_STYLE = Automatic;
				CURRENT_PROJECT_VERSION = 5;
				DEVELOPMENT_TEAM = DN4ZMM367Q;
				GENERATE_INFOPLIST_FILE = YES;
				IPHONEOS_DEPLOYMENT_TARGET = 18.0;
				MARKETING_VERSION = 1.0;
				PRODUCT_BUNDLE_IDENTIFIER = com.lukasesch.QuickCalTests;
				PRODUCT_NAME = "$(TARGET_NAME)";
				SWIFT_EMIT_LOC_STRINGS = NO;
				SWIFT_VERSION = 5.0;
				TARGETED_DEVICE_FAMILY = "1,2";
				TEST_HOST = "$(BUILT_PRODUCTS_DIR)/QuickCal.app/$(BUNDLE_EXECUTABLE_FOLDER_PATH)/QuickCal";
			};
			name = Release;
		};
		1B07F03D2CB6AA450008E59F /* Debug */ = {
			isa = XCBuildConfiguration;
			buildSettings = {
				CODE_SIGN_STYLE = Automatic;
				CURRENT_PROJECT_VERSION = 5;
				DEVELOPMENT_TEAM = DN4ZMM367Q;
				GENERATE_INFOPLIST_FILE = YES;
				MARKETING_VERSION = 1.0;
				PRODUCT_BUNDLE_IDENTIFIER = com.lukasesch.QuickCalUITests;
				PRODUCT_NAME = "$(TARGET_NAME)";
				SWIFT_EMIT_LOC_STRINGS = NO;
				SWIFT_VERSION = 5.0;
				TARGETED_DEVICE_FAMILY = "1,2";
				TEST_TARGET_NAME = QuickCal;
			};
			name = Debug;
		};
		1B07F03E2CB6AA450008E59F /* Release */ = {
			isa = XCBuildConfiguration;
			buildSettings = {
				CODE_SIGN_STYLE = Automatic;
				CURRENT_PROJECT_VERSION = 5;
				DEVELOPMENT_TEAM = DN4ZMM367Q;
				GENERATE_INFOPLIST_FILE = YES;
				MARKETING_VERSION = 1.0;
				PRODUCT_BUNDLE_IDENTIFIER = com.lukasesch.QuickCalUITests;
				PRODUCT_NAME = "$(TARGET_NAME)";
				SWIFT_EMIT_LOC_STRINGS = NO;
				SWIFT_VERSION = 5.0;
				TARGETED_DEVICE_FAMILY = "1,2";
				TEST_TARGET_NAME = QuickCal;
			};
			name = Release;
		};
/* End XCBuildConfiguration section */

/* Begin XCConfigurationList section */
		1B07F0082CB6AA430008E59F /* Build configuration list for PBXProject "QuickCal" */ = {
			isa = XCConfigurationList;
			buildConfigurations = (
				1B07F0342CB6AA450008E59F /* Debug */,
				1B07F0352CB6AA450008E59F /* Release */,
			);
			defaultConfigurationIsVisible = 0;
			defaultConfigurationName = Release;
		};
		1B07F0362CB6AA450008E59F /* Build configuration list for PBXNativeTarget "QuickCal" */ = {
			isa = XCConfigurationList;
			buildConfigurations = (
				1B07F0372CB6AA450008E59F /* Debug */,
				1B07F0382CB6AA450008E59F /* Release */,
			);
			defaultConfigurationIsVisible = 0;
			defaultConfigurationName = Release;
		};
		1B07F0392CB6AA450008E59F /* Build configuration list for PBXNativeTarget "QuickCalTests" */ = {
			isa = XCConfigurationList;
			buildConfigurations = (
				1B07F03A2CB6AA450008E59F /* Debug */,
				1B07F03B2CB6AA450008E59F /* Release */,
			);
			defaultConfigurationIsVisible = 0;
			defaultConfigurationName = Release;
		};
		1B07F03C2CB6AA450008E59F /* Build configuration list for PBXNativeTarget "QuickCalUITests" */ = {
			isa = XCConfigurationList;
			buildConfigurations = (
				1B07F03D2CB6AA450008E59F /* Debug */,
				1B07F03E2CB6AA450008E59F /* Release */,
			);
			defaultConfigurationIsVisible = 0;
			defaultConfigurationName = Release;
		};
/* End XCConfigurationList section */
	};
	rootObject = 1B07F0052CB6AA430008E59F /* Project object */;
}
